
Microsoft Visual Studio Solution File, Format Version 12.00
# Visual Studio 15
Project("{2150E333-8FDC-42A3-9474-1A3956D46DE8}") = "Console", "Console", "{A928930A-5A7A-4E77-834F-49B598C06CFF}"
EndProject
Project("{FAE04EC0-301F-11D3-BF4B-00C04F79EFBC}") = "Onyxia.Web.Shell", "Console\Onyxia.Web.Shell\Onyxia.Web.Shell.csproj", "{378B6ADA-39D3-43E9-B3BC-953CDBFBA261}"
EndProject
Global
	GlobalSection(SolutionConfigurationPlatforms) = preSolution
		Debug|Any CPU = Debug|Any CPU
		Release|Any CPU = Release|Any CPU
	EndGlobalSection
	GlobalSection(ProjectConfigurationPlatforms) = postSolution
		{378B6ADA-39D3-43E9-B3BC-953CDBFBA261}.Debug|Any CPU.ActiveCfg = Debug|Any CPU
		{378B6ADA-39D3-43E9-B3BC-953CDBFBA261}.Debug|Any CPU.Build.0 = Debug|Any CPU
		{378B6ADA-39D3-43E9-B3BC-953CDBFBA261}.Release|Any CPU.ActiveCfg = Release|Any CPU
		{378B6ADA-39D3-43E9-B3BC-953CDBFBA261}.Release|Any CPU.Build.0 = Release|Any CPU
	EndGlobalSection
	GlobalSection(NestedProjects) = preSolution
		{378B6ADA-39D3-43E9-B3BC-953CDBFBA261} = {A928930A-5A7A-4E77-834F-49B598C06CFF}
	EndGlobalSection
EndGlobal
